
Microsoft Visual Studio Solution File, Format Version 12.00
# Visual Studio Version 17
VisualStudioVersion = 17.10.35013.160
MinimumVisualStudioVersion = 10.0.40219.1
Project("{FAE04EC0-301F-11D3-BF4B-00C04F79EFBC}") = "Monogame topic 1", "Monogame topic 1.csproj", "{ECE36618-65EB-4426-8EFE-EBAD91236FF5}"
EndProject
Global
	GlobalSection(SolutionConfigurationPlatforms) = preSolution
		Debug|Any CPU = Debug|Any CPU
		Release|Any CPU = Release|Any CPU
	EndGlobalSection
	GlobalSection(ProjectConfigurationPlatforms) = postSolution
		{ECE36618-65EB-4426-8EFE-EBAD91236FF5}.Debug|Any CPU.ActiveCfg = Debug|Any CPU
		{ECE36618-65EB-4426-8EFE-EBAD91236FF5}.Debug|Any CPU.Build.0 = Debug|Any CPU
		{ECE36618-65EB-4426-8EFE-EBAD91236FF5}.Release|Any CPU.ActiveCfg = Release|Any CPU
		{ECE36618-65EB-4426-8EFE-EBAD91236FF5}.Release|Any CPU.Build.0 = Release|Any CPU
	EndGlobalSection
	GlobalSection(SolutionProperties) = preSolution
		HideSolutionNode = FALSE
	EndGlobalSection
	GlobalSection(ExtensibilityGlobals) = postSolution
		SolutionGuid = {8B21BF19-7BAA-438E-B559-B69A675B30F0}
	EndGlobalSection
EndGlobal
